
Microsoft Visual Studio Solution File, Format Version 12.00
# Visual Studio Version 17
VisualStudioVersion = 17.3.32901.215
MinimumVisualStudioVersion = 10.0.40219.1
Project("{2150E333-8FDC-42A3-9474-1A3956D46DE8}") = "Tests", "Tests", "{A3630AD3-6DC6-4426-924A-838EEB803714}"
EndProject
Project("{2150E333-8FDC-42A3-9474-1A3956D46DE8}") = "Solution Items", "Solution Items", "{68F190A5-D31E-4259-A7D8-BC96EC10EFA3}"
	ProjectSection(SolutionItems) = preProject
		BuildRelease.ps1 = BuildRelease.ps1
		DotNetPack.ps1 = DotNetPack.ps1
		README.md = README.md
	EndProjectSection
EndProject
Project("{9A19103F-16F7-4668-BE54-9A1E7A4F7556}") = "Fonlow.Testing.HttpCore", "Fonlow.Testing.HttpCore\Fonlow.Testing.HttpCore.csproj", "{D76814F5-D572-467C-B877-CDF52D7DDE32}"
EndProject
Project("{9A19103F-16F7-4668-BE54-9A1E7A4F7556}") = "Fonlow.Testing.ServiceCore", "Fonlow.Testing.ServiceCore\Fonlow.Testing.ServiceCore.csproj", "{2CC0CA44-D9DA-4F58-BF50-6B546C95731F}"
EndProject
Project("{9A19103F-16F7-4668-BE54-9A1E7A4F7556}") = "DemoCoreWeb", "DemoCoreWeb\DemoCoreWeb.csproj", "{0F565F06-496A-4368-A28D-B18DDBFEF21A}"
EndProject
Project("{9A19103F-16F7-4668-BE54-9A1E7A4F7556}") = "DemoCoreWeb.ClientApi", "DemoCoreWeb.ClientApi\DemoCoreWeb.ClientApi.csproj", "{4526EFF6-B31B-412F-BDA8-007565359EB6}"
EndProject
Project("{2150E333-8FDC-42A3-9474-1A3956D46DE8}") = "DemoServices", "DemoServices", "{5990F58B-3B71-44C4-AA3B-A4167A2E7C4E}"
EndProject
Project("{9A19103F-16F7-4668-BE54-9A1E7A4F7556}") = "IntegrationTestsCore", "Tests\IntegrationTestsCore\IntegrationTestsCore.csproj", "{1616EB5B-A461-4CD1-B88D-91803A0090C6}"
EndProject
Project("{9A19103F-16F7-4668-BE54-9A1E7A4F7556}") = "ServiceCommandIntegrationTests", "Tests\ServiceCommandTests\ServiceCommandIntegrationTests.csproj", "{7B224B32-9D36-4BF4-8363-1864F1700C13}"
EndProject
Global
	GlobalSection(SolutionConfigurationPlatforms) = preSolution
		Debug|Any CPU = Debug|Any CPU
		Release|Any CPU = Release|Any CPU
	EndGlobalSection
	GlobalSection(ProjectConfigurationPlatforms) = postSolution
		{D76814F5-D572-467C-B877-CDF52D7DDE32}.Debug|Any CPU.ActiveCfg = Debug|Any CPU
		{D76814F5-D572-467C-B877-CDF52D7DDE32}.Debug|Any CPU.Build.0 = Debug|Any CPU
		{D76814F5-D572-467C-B877-CDF52D7DDE32}.Release|Any CPU.ActiveCfg = Release|Any CPU
		{D76814F5-D572-467C-B877-CDF52D7DDE32}.Release|Any CPU.Build.0 = Release|Any CPU
		{2CC0CA44-D9DA-4F58-BF50-6B546C95731F}.Debug|Any CPU.ActiveCfg = Debug|Any CPU
		{2CC0CA44-D9DA-4F58-BF50-6B546C95731F}.Debug|Any CPU.Build.0 = Debug|Any CPU
		{2CC0CA44-D9DA-4F58-BF50-6B546C95731F}.Release|Any CPU.ActiveCfg = Release|Any CPU
		{2CC0CA44-D9DA-4F58-BF50-6B546C95731F}.Release|Any CPU.Build.0 = Release|Any CPU
		{0F565F06-496A-4368-A28D-B18DDBFEF21A}.Debug|Any CPU.ActiveCfg = Debug|Any CPU
		{0F565F06-496A-4368-A28D-B18DDBFEF21A}.Debug|Any CPU.Build.0 = Debug|Any CPU
		{0F565F06-496A-4368-A28D-B18DDBFEF21A}.Release|Any CPU.ActiveCfg = Release|Any CPU
		{0F565F06-496A-4368-A28D-B18DDBFEF21A}.Release|Any CPU.Build.0 = Release|Any CPU
		{4526EFF6-B31B-412F-BDA8-007565359EB6}.Debug|Any CPU.ActiveCfg = Debug|Any CPU
		{4526EFF6-B31B-412F-BDA8-007565359EB6}.Debug|Any CPU.Build.0 = Debug|Any CPU
		{4526EFF6-B31B-412F-BDA8-007565359EB6}.Release|Any CPU.ActiveCfg = Release|Any CPU
		{4526EFF6-B31B-412F-BDA8-007565359EB6}.Release|Any CPU.Build.0 = Release|Any CPU
		{1616EB5B-A461-4CD1-B88D-91803A0090C6}.Debug|Any CPU.ActiveCfg = Debug|Any CPU
		{1616EB5B-A461-4CD1-B88D-91803A0090C6}.Debug|Any CPU.Build.0 = Debug|Any CPU
		{1616EB5B-A461-4CD1-B88D-91803A0090C6}.Release|Any CPU.ActiveCfg = Release|Any CPU
		{1616EB5B-A461-4CD1-B88D-91803A0090C6}.Release|Any CPU.Build.0 = Release|Any CPU
		{7B224B32-9D36-4BF4-8363-1864F1700C13}.Debug|Any CPU.ActiveCfg = Debug|Any CPU
		{7B224B32-9D36-4BF4-8363-1864F1700C13}.Debug|Any CPU.Build.0 = Debug|Any CPU
		{7B224B32-9D36-4BF4-8363-1864F1700C13}.Release|Any CPU.ActiveCfg = Release|Any CPU
		{7B224B32-9D36-4BF4-8363-1864F1700C13}.Release|Any CPU.Build.0 = Release|Any CPU
	EndGlobalSection
	GlobalSection(SolutionProperties) = preSolution
		HideSolutionNode = FALSE
	EndGlobalSection
	GlobalSection(NestedProjects) = preSolution
		{0F565F06-496A-4368-A28D-B18DDBFEF21A} = {5990F58B-3B71-44C4-AA3B-A4167A2E7C4E}
		{4526EFF6-B31B-412F-BDA8-007565359EB6} = {5990F58B-3B71-44C4-AA3B-A4167A2E7C4E}
		{1616EB5B-A461-4CD1-B88D-91803A0090C6} = {A3630AD3-6DC6-4426-924A-838EEB803714}
		{7B224B32-9D36-4BF4-8363-1864F1700C13} = {A3630AD3-6DC6-4426-924A-838EEB803714}
	EndGlobalSection
	GlobalSection(ExtensibilityGlobals) = postSolution
		SolutionGuid = {D76811D7-D87E-4579-95CC-05A9FF823F72}
	EndGlobalSection
EndGlobal
